github.com/go-chi/chi v1.5.3 h1:+DVDS9/D3MTbEu3WrrH3oz9oP6PlSPSNj8LLw3X17yU=
github.com/go-chi/chi v1.5.3/go.mod h1:Q8xfe6s3fjZyMr8ZTv5jL+vxhVaFyCq2s+RvSfzTD0E=
github.com/rs/xid v1.2.1 h1:mhH9Nq+C1fY2l1XIpgxIiUOfNpRBYH1kKcr+qfKgjRc=
github.com/rs/xid v1.2.1/go.mod h1:+uKXf+4Djp6Md1KODXJxgGQPKngRmWyn10oCKFzNHOQ=
